{
  "name": "healthcare-asisstance",
  "version": "1.0.0",
  "lockfileVersion": 3,
  "requires": true,
  "packages": {
    "": {
      "name": "healthcare-asisstance",
      "version": "1.0.0",
      "license": "ISC",
      "dependencies": {
        "@vercel/config": "^0.0.25"
      },
      "devDependencies": {
        "dotenv": "^17.2.3"
      },
      "engines": {
        "node": ">=18.x"
      }
    },
    "node_modules/@vercel/config": {
      "version": "0.0.25",
      "resolved": "https://registry.npmjs.org/@vercel/config/-/config-0.0.25.tgz",
      "integrity": "sha512-Z998v8d1ukgfxaOVgf9qz1P4+bvpKuDRPMaEhP2pcn7SaZC6HIjAN5mlX0tLALQD7nUow1spDCdj1EiU/ldbkg==",
      "license": "MIT",
      "dependencies": {
        "pretty-cache-header": "^1.0.0",
        "zod": "^3.22.0"
      },
      "bin": {
        "config": "dist/cli.js"
      }
    },
    "node_modules/dotenv": {
      "version": "17.2.3",
      "resolved": "https://registry.npmjs.org/dotenv/-/dotenv-17.2.3.tgz",
      "integrity": "sha512-JVUnt+DUIzu87TABbhPmNfVdBDt18BLOWjMUFJMSi/Qqg7NTYtabbvSNJGOJ7afbRuv9D/lngizHtP7QyLQ+9w==",
      "dev": true,
      "license": "BSD-2-Clause",
      "engines": {
        "node": ">=12"
      },
      "funding": {
        "url": "https://dotenvx.com"
      }
    },
    "node_modules/pretty-cache-header": {
      "version": "1.0.0",
      "resolved": "https://registry.npmjs.org/pretty-cache-header/-/pretty-cache-header-1.0.0.tgz",
      "integrity": "sha512-xtXazslu25CdnGnUkByU1RoOjK55TqwatJkjjJLg5ZAdz2Lngko/mmaUgeET36P2GMlNwh3fdM7FWBO717pNcw==",
      "license": "MIT",
      "dependencies": {
        "timestring": "^6.0.0"
      },
      "engines": {
        "node": ">=12.13"
      }
    },
    "node_modules/timestring": {
      "version": "6.0.0",
      "resolved": "https://registry.npmjs.org/timestring/-/timestring-6.0.0.tgz",
      "integrity": "sha512-wMctrWD2HZZLuIlchlkE2dfXJh7J2KDI9Dwl+2abPYg0mswQHfOAyQW3jJg1pY5VfttSINZuKcXoB3FGypVklA==",
      "license": "MIT",
      "engines": {
        "node": ">=8"
      }
    },
    "node_modules/zod": {
      "version": "3.25.76",
      "resolved": "https://registry.npmjs.org/zod/-/zod-3.25.76.tgz",
      "integrity": "sha512-gzUt/qt81nXsFGKIFcC3YnfEAx5NkunCfnDlvuBSSFS02bcXu4Lmea0AFIUwbLWxWPx3d9p8S5QoaujKcNQxcQ==",
      "license": "MIT",
      "funding": {
        "url": "https://github.com/sponsors/colinhacks"
      }
    }
  }
}
